{
  "nodes": {
    "nixpkgs": {
      "locked": {
        "lastModified": 1639738602,
        "narHash": "sha256-uTl3JTJjVgn3k4R9qjNfccoqDL5UdrzEfXLcSiL5Yo8=",
        "path": "/nix/store/x3c15pn62rp003xpq20b2lvhf1phffnf-source",
        "rev": "fa12c60d17c03b2d25e92d4c36c15314d45660c7",
        "type": "path"
      },
      "original": {
        "id": "nixpkgs",
        "type": "indirect"
      }
    },
    "root": {
      "inputs": {
        "nixpkgs": "nixpkgs"
      }
    }
  },
  "root": "root",
  "version": 7
}
